
Microsoft Visual Studio Solution File, Format Version 10.00
# Visual Studio 2008
Project("{8BC9CEB8-8B4A-11D0-8D11-00A0C91BC942}") = "END", "END.vcproj", "{0FA9F61B-51C9-4F8C-9094-86F8FA6D80AB}"
EndProject
Global
	GlobalSection(SolutionConfigurationPlatforms) = preSolution
		Debug|Win32 = Debug|Win32
		Release|Win32 = Release|Win32
	EndGlobalSection
	GlobalSection(ProjectConfigurationPlatforms) = postSolution
		{0FA9F61B-51C9-4F8C-9094-86F8FA6D80AB}.Debug|Win32.ActiveCfg = Debug|Win32
		{0FA9F61B-51C9-4F8C-9094-86F8FA6D80AB}.Debug|Win32.Build.0 = Debug|Win32
		{0FA9F61B-51C9-4F8C-9094-86F8FA6D80AB}.Release|Win32.ActiveCfg = Release|Win32
		{0FA9F61B-51C9-4F8C-9094-86F8FA6D80AB}.Release|Win32.Build.0 = Release|Win32
	EndGlobalSection
	GlobalSection(SolutionProperties) = preSolution
		HideSolutionNode = FALSE
	EndGlobalSection
EndGlobal
